
Microsoft Visual Studio Solution File, Format Version 12.00
# Visual Studio 2013
VisualStudioVersion = 12.0.31101.0
MinimumVisualStudioVersion = 10.0.40219.1
Project("{8BC9CEB8-8B4A-11D0-8D11-00A0C91BC942}") = "WiFiModem-Menu", "WiFiModem-Menu\WiFiModem-Menu.vcxproj", "{5C5113C8-ABF4-4559-B9FF-6D1E4D251139}"
EndProject
Project("{8BC9CEB8-8B4A-11D0-8D11-00A0C91BC942}") = "Hayesduino", "..\..\hayesduino\Hayesduino.vcxproj", "{B9058534-8928-4AE2-87DD-225D6A9D2560}"
EndProject
Project("{FAE04EC0-301F-11D3-BF4B-00C04F79EFBC}") = "TCPTester", "TCPTester\TCPTester.csproj", "{ED7E6498-1758-45D2-AC1D-B74ED704B4BB}"
EndProject
Global
	GlobalSection(SolutionConfigurationPlatforms) = preSolution
		Debug|Any CPU = Debug|Any CPU
		Debug|Mixed Platforms = Debug|Mixed Platforms
		Debug|Win32 = Debug|Win32
		Release|Any CPU = Release|Any CPU
		Release|Mixed Platforms = Release|Mixed Platforms
		Release|Win32 = Release|Win32
	EndGlobalSection
	GlobalSection(ProjectConfigurationPlatforms) = postSolution
		{5C5113C8-ABF4-4559-B9FF-6D1E4D251139}.Debug|Any CPU.ActiveCfg = Debug|Win32
		{5C5113C8-ABF4-4559-B9FF-6D1E4D251139}.Debug|Mixed Platforms.ActiveCfg = Debug|Win32
		{5C5113C8-ABF4-4559-B9FF-6D1E4D251139}.Debug|Mixed Platforms.Build.0 = Debug|Win32
		{5C5113C8-ABF4-4559-B9FF-6D1E4D251139}.Debug|Win32.ActiveCfg = Debug|Win32
		{5C5113C8-ABF4-4559-B9FF-6D1E4D251139}.Debug|Win32.Build.0 = Debug|Win32
		{5C5113C8-ABF4-4559-B9FF-6D1E4D251139}.Release|Any CPU.ActiveCfg = Release|Win32
		{5C5113C8-ABF4-4559-B9FF-6D1E4D251139}.Release|Mixed Platforms.ActiveCfg = Release|Win32
		{5C5113C8-ABF4-4559-B9FF-6D1E4D251139}.Release|Mixed Platforms.Build.0 = Release|Win32
		{5C5113C8-ABF4-4559-B9FF-6D1E4D251139}.Release|Win32.ActiveCfg = Release|Win32
		{5C5113C8-ABF4-4559-B9FF-6D1E4D251139}.Release|Win32.Build.0 = Release|Win32
		{B9058534-8928-4AE2-87DD-225D6A9D2560}.Debug|Any CPU.ActiveCfg = Debug|Win32
		{B9058534-8928-4AE2-87DD-225D6A9D2560}.Debug|Mixed Platforms.ActiveCfg = Debug|Win32
		{B9058534-8928-4AE2-87DD-225D6A9D2560}.Debug|Mixed Platforms.Build.0 = Debug|Win32
		{B9058534-8928-4AE2-87DD-225D6A9D2560}.Debug|Win32.ActiveCfg = Debug|Win32
		{B9058534-8928-4AE2-87DD-225D6A9D2560}.Debug|Win32.Build.0 = Debug|Win32
		{B9058534-8928-4AE2-87DD-225D6A9D2560}.Release|Any CPU.ActiveCfg = Release|Win32
		{B9058534-8928-4AE2-87DD-225D6A9D2560}.Release|Mixed Platforms.ActiveCfg = Release|Win32
		{B9058534-8928-4AE2-87DD-225D6A9D2560}.Release|Mixed Platforms.Build.0 = Release|Win32
		{B9058534-8928-4AE2-87DD-225D6A9D2560}.Release|Win32.ActiveCfg = Release|Win32
		{B9058534-8928-4AE2-87DD-225D6A9D2560}.Release|Win32.Build.0 = Release|Win32
		{ED7E6498-1758-45D2-AC1D-B74ED704B4BB}.Debug|Any CPU.ActiveCfg = Debug|Any CPU
		{ED7E6498-1758-45D2-AC1D-B74ED704B4BB}.Debug|Any CPU.Build.0 = Debug|Any CPU
		{ED7E6498-1758-45D2-AC1D-B74ED704B4BB}.Debug|Mixed Platforms.ActiveCfg = Debug|Any CPU
		{ED7E6498-1758-45D2-AC1D-B74ED704B4BB}.Debug|Mixed Platforms.Build.0 = Debug|Any CPU
		{ED7E6498-1758-45D2-AC1D-B74ED704B4BB}.Debug|Win32.ActiveCfg = Debug|Any CPU
		{ED7E6498-1758-45D2-AC1D-B74ED704B4BB}.Release|Any CPU.ActiveCfg = Release|Any CPU
		{ED7E6498-1758-45D2-AC1D-B74ED704B4BB}.Release|Any CPU.Build.0 = Release|Any CPU
		{ED7E6498-1758-45D2-AC1D-B74ED704B4BB}.Release|Mixed Platforms.ActiveCfg = Release|Any CPU
		{ED7E6498-1758-45D2-AC1D-B74ED704B4BB}.Release|Mixed Platforms.Build.0 = Release|Any CPU
		{ED7E6498-1758-45D2-AC1D-B74ED704B4BB}.Release|Win32.ActiveCfg = Release|Any CPU
	EndGlobalSection
	GlobalSection(SolutionProperties) = preSolution
		HideSolutionNode = FALSE
	EndGlobalSection
EndGlobal
